// !$*UTF8*$!
{
	archiveVersion = 1;
	classes = {
	};
	objectVersion = 56;
	objects = {

/* Begin PBXBuildFile section */
		D5B0F90A2B43F1FB00D919C1 /* InterpreterAppApp.swift in Sources */ = {isa = PBXBuildFile; fileRef = D5B0F9092B43F1FB00D919C1 /* InterpreterAppApp.swift */; };
		D5B0F90C2B43F1FB00D919C1 /* ContentView.swift in Sources */ = {isa = PBXBuildFile; fileRef = D5B0F90B2B43F1FB00D919C1 /* ContentView.swift */; };
		D5B0F90E2B43F1FC00D919C1 /* Assets.xcassets in Resources */ = {isa = PBXBuildFile; fileRef = D5B0F90D2B43F1FC00D919C1 /* Assets.xcassets */; };
		D5B0F9112B43F1FC00D919C1 /* Preview Assets.xcassets in Resources */ = {isa = PBXBuildFile; fileRef = D5B0F9102B43F1FC00D919C1 /* Preview Assets.xcassets */; };
		D5B0F91C2B43F1FC00D919C1 /* InterpreterAppTests.swift in Sources */ = {isa = PBXBuildFile; fileRef = D5B0F91B2B43F1FC00D919C1 /* InterpreterAppTests.swift */; };
		D5B0F9262B43F1FC00D919C1 /* InterpreterAppUITests.swift in Sources */ = {isa = PBXBuildFile; fileRef = D5B0F9252B43F1FC00D919C1 /* InterpreterAppUITests.swift */; };
		D5B0F9282B43F1FC00D919C1 /* InterpreterAppUITestsLaunchTests.swift in Sources */ = {isa = PBXBuildFile; fileRef = D5B0F9272B43F1FC00D919C1 /* InterpreterAppUITestsLaunchTests.swift */; };
		D5B0F9362B44019B00D919C1 /* PythonKit in Frameworks */ = {isa = PBXBuildFile; productRef = D5B0F9352B44019B00D919C1 /* PythonKit */; };
		D5B0F9382B4402FB00D919C1 /* TmpPythonKitTest.swift in Sources */ = {isa = PBXBuildFile; fileRef = D5B0F9372B4402FB00D919C1 /* TmpPythonKitTest.swift */; };
/* End PBXBuildFile section */

/* Begin PBXContainerItemProxy section */
		D5B0F9182B43F1FC00D919C1 /* PBXContainerItemProxy */ = {
			isa = PBXContainerItemProxy;
			containerPortal = D5B0F8FE2B43F1FA00D919C1 /* Project object */;
			proxyType = 1;
			remoteGlobalIDString = D5B0F9052B43F1FA00D919C1;
			remoteInfo = InterpreterApp;
		};
		D5B0F9222B43F1FC00D919C1 /* PBXContainerItemProxy */ = {
			isa = PBXContainerItemProxy;
			containerPortal = D5B0F8FE2B43F1FA00D919C1 /* Project object */;
			proxyType = 1;
			remoteGlobalIDString = D5B0F9052B43F1FA00D919C1;
			remoteInfo = InterpreterApp;
		};
/* End PBXContainerItemProxy section */

/* Begin PBXFileReference section */
		D5B0F9062B43F1FB00D919C1 /* InterpreterApp.app */ = {isa = PBXFileReference; explicitFileType = wrapper.application; includeInIndex = 0; path = InterpreterApp.app; sourceTree = BUILT_PRODUCTS_DIR; };
		D5B0F9092B43F1FB00D919C1 /* InterpreterAppApp.swift */ = {isa = PBXFileReference; lastKnownFileType = sourcecode.swift; path = InterpreterAppApp.swift; sourceTree = "<group>"; };
		D5B0F90B2B43F1FB00D919C1 /* ContentView.swift */ = {isa = PBXFileReference; lastKnownFileType = sourcecode.swift; path = ContentView.swift; sourceTree = "<group>"; };
		D5B0F90D2B43F1FC00D919C1 /* Assets.xcassets */ = {isa = PBXFileReference; lastKnownFileType = folder.assetcatalog; path = Assets.xcassets; sourceTree = "<group>"; };
		D5B0F9102B43F1FC00D919C1 /* Preview Assets.xcassets */ = {isa = PBXFileReference; lastKnownFileType = folder.assetcatalog; path = "Preview Assets.xcassets"; sourceTree = "<group>"; };
		D5B0F9122B43F1FC00D919C1 /* InterpreterApp.entitlements */ = {isa = PBXFileReference; lastKnownFileType = text.plist.entitlements; path = InterpreterApp.entitlements; sourceTree = "<group>"; };
		D5B0F9172B43F1FC00D919C1 /* InterpreterAppTests.xctest */ = {isa = PBXFileReference; explicitFileType = wrapper.cfbundle; includeInIndex = 0; path = InterpreterAppTests.xctest; sourceTree = BUILT_PRODUCTS_DIR; };
		D5B0F91B2B43F1FC00D919C1 /* InterpreterAppTests.swift */ = {isa = PBXFileReference; lastKnownFileType = sourcecode.swift; path = InterpreterAppTests.swift; sourceTree = "<group>"; };
		D5B0F9212B43F1FC00D919C1 /* InterpreterAppUITests.xctest */ = {isa = PBXFileReference; explicitFileType = wrapper.cfbundle; includeInIndex = 0; path = InterpreterAppUITests.xctest; sourceTree = BUILT_PRODUCTS_DIR; };
		D5B0F9252B43F1FC00D919C1 /* InterpreterAppUITests.swift */ = {isa = PBXFileReference; lastKnownFileType = sourcecode.swift; path = InterpreterAppUITests.swift; sourceTree = "<group>"; };
		D5B0F9272B43F1FC00D919C1 /* InterpreterAppUITestsLaunchTests.swift */ = {isa = PBXFileReference; lastKnownFileType = sourcecode.swift; path = InterpreterAppUITestsLaunchTests.swift; sourceTree = "<group>"; };
		D5B0F9372B4402FB00D919C1 /* TmpPythonKitTest.swift */ = {isa = PBXFileReference; lastKnownFileType = sourcecode.swift; path = TmpPythonKitTest.swift; sourceTree = "<group>"; };
/* End PBXFileReference section */

/* Begin PBXFrameworksBuildPhase section */
		D5B0F9032B43F1FA00D919C1 /* Frameworks */ = {
			isa = PBXFrameworksBuildPhase;
			buildActionMask = 2147483647;
			files = (
				D5B0F9362B44019B00D919C1 /* PythonKit in Frameworks */,
			);
			runOnlyForDeploymentPostprocessing = 0;
		};
		D5B0F9142B43F1FC00D919C1 /* Frameworks */ = {
			isa = PBXFrameworksBuildPhase;
			buildActionMask = 2147483647;
			files = (
			);
			runOnlyForDeploymentPostprocessing = 0;
		};
		D5B0F91E2B43F1FC00D919C1 /* Frameworks */ = {
			isa = PBXFrameworksBuildPhase;
			buildActionMask = 2147483647;
			files = (
			);
			runOnlyForDeploymentPostprocessing = 0;
		};
/* End PBXFrameworksBuildPhase section */

/* Begin PBXGroup section */
		D5B0F8FD2B43F1FA00D919C1 = {
			isa = PBXGroup;
			children = (
				D5B0F9082B43F1FB00D919C1 /* InterpreterApp */,
				D5B0F91A2B43F1FC00D919C1 /* InterpreterAppTests */,
				D5B0F9242B43F1FC00D919C1 /* InterpreterAppUITests */,
				D5B0F9072B43F1FB00D919C1 /* Products */,
			);
			sourceTree = "<group>";
		};
		D5B0F9072B43F1FB00D919C1 /* Products */ = {
			isa = PBXGroup;
			children = (
				D5B0F9062B43F1FB00D919C1 /* InterpreterApp.app */,
				D5B0F9172B43F1FC00D919C1 /* InterpreterAppTests.xctest */,
				D5B0F9212B43F1FC00D919C1 /* InterpreterAppUITests.xctest */,
			);
			name = Products;
			sourceTree = "<group>";
		};
		D5B0F9082B43F1FB00D919C1 /* InterpreterApp */ = {
			isa = PBXGroup;
			children = (
				D5B0F9092B43F1FB00D919C1 /* InterpreterAppApp.swift */,
				D5B0F90B2B43F1FB00D919C1 /* ContentView.swift */,
				D5B0F90D2B43F1FC00D919C1 /* Assets.xcassets */,
				D5B0F9122B43F1FC00D919C1 /* InterpreterApp.entitlements */,
				D5B0F90F2B43F1FC00D919C1 /* Preview Content */,
				D5B0F9372B4402FB00D919C1 /* TmpPythonKitTest.swift */,
			);
			path = InterpreterApp;
			sourceTree = "<group>";
		};
		D5B0F90F2B43F1FC00D919C1 /* Preview Content */ = {
			isa = PBXGroup;
			children = (
				D5B0F9102B43F1FC00D919C1 /* Preview Assets.xcassets */,
			);
			path = "Preview Content";
			sourceTree = "<group>";
		};
		D5B0F91A2B43F1FC00D919C1 /* InterpreterAppTests */ = {
			isa = PBXGroup;
			children = (
				D5B0F91B2B43F1FC00D919C1 /* InterpreterAppTests.swift */,
			);
			path = InterpreterAppTests;
			sourceTree = "<group>";
		};
		D5B0F9242B43F1FC00D919C1 /* InterpreterAppUITests */ = {
			isa = PBXGroup;
			children = (
				D5B0F9252B43F1FC00D919C1 /* InterpreterAppUITests.swift */,
				D5B0F9272B43F1FC00D919C1 /* InterpreterAppUITestsLaunchTests.swift */,
			);
			path = InterpreterAppUITests;
			sourceTree = "<group>";
		};
/* End PBXGroup section */

/* Begin PBXNativeTarget section */
		D5B0F9052B43F1FA00D919C1 /* InterpreterApp */ = {
			isa = PBXNativeTarget;
			buildConfigurationList = D5B0F92B2B43F1FC00D919C1 /* Build configuration list for PBXNativeTarget "InterpreterApp" */;
			buildPhases = (
				D5B0F9022B43F1FA00D919C1 /* Sources */,
				D5B0F9032B43F1FA00D919C1 /* Frameworks */,
				D5B0F9042B43F1FA00D919C1 /* Resources */,
			);
			buildRules = (
			);
			dependencies = (
			);
			name = InterpreterApp;
			packageProductDependencies = (
				D5B0F9352B44019B00D919C1 /* PythonKit */,
			);
			productName = InterpreterApp;
			productReference = D5B0F9062B43F1FB00D919C1 /* InterpreterApp.app */;
			productType = "com.apple.product-type.application";
		};
		D5B0F9162B43F1FC00D919C1 /* InterpreterAppTests */ = {
			isa = PBXNativeTarget;
			buildConfigurationList = D5B0F92E2B43F1FC00D919C1 /* Build configuration list for PBXNativeTarget "InterpreterAppTests" */;
			buildPhases = (
				D5B0F9132B43F1FC00D919C1 /* Sources */,
				D5B0F9142B43F1FC00D919C1 /* Frameworks */,
				D5B0F9152B43F1FC00D919C1 /* Resources */,
			);
			buildRules = (
			);
			dependencies = (
				D5B0F9192B43F1FC00D919C1 /* PBXTargetDependency */,
			);
			name = InterpreterAppTests;
			productName = InterpreterAppTests;
			productReference = D5B0F9172B43F1FC00D919C1 /* InterpreterAppTests.xctest */;
			productType = "com.apple.product-type.bundle.unit-test";
		};
		D5B0F9202B43F1FC00D919C1 /* InterpreterAppUITests */ = {
			isa = PBXNativeTarget;
			buildConfigurationList = D5B0F9312B43F1FC00D919C1 /* Build configuration list for PBXNativeTarget "InterpreterAppUITests" */;
			buildPhases = (
				D5B0F91D2B43F1FC00D919C1 /* Sources */,
				D5B0F91E2B43F1FC00D919C1 /* Frameworks */,
				D5B0F91F2B43F1FC00D919C1 /* Resources */,
			);
			buildRules = (
			);
			dependencies = (
				D5B0F9232B43F1FC00D919C1 /* PBXTargetDependency */,
			);
			name = InterpreterAppUITests;
			productName = InterpreterAppUITests;
			productReference = D5B0F9212B43F1FC00D919C1 /* InterpreterAppUITests.xctest */;
			productType = "com.apple.product-type.bundle.ui-testing";
		};
/* End PBXNativeTarget section */

/* Begin PBXProject section */
		D5B0F8FE2B43F1FA00D919C1 /* Project object */ = {
			isa = PBXProject;
			attributes = {
				BuildIndependentTargetsInParallel = 1;
				LastSwiftUpdateCheck = 1510;
				LastUpgradeCheck = 1510;
				TargetAttributes = {
					D5B0F9052B43F1FA00D919C1 = {
						CreatedOnToolsVersion = 15.1;
					};
					D5B0F9162B43F1FC00D919C1 = {
						CreatedOnToolsVersion = 15.1;
						TestTargetID = D5B0F9052B43F1FA00D919C1;
					};
					D5B0F9202B43F1FC00D919C1 = {
						CreatedOnToolsVersion = 15.1;
						TestTargetID = D5B0F9052B43F1FA00D919C1;
					};
				};
			};
			buildConfigurationList = D5B0F9012B43F1FA00D919C1 /* Build configuration list for PBXProject "InterpreterApp" */;
			compatibilityVersion = "Xcode 14.0";
			developmentRegion = en;
			hasScannedForEncodings = 0;
			knownRegions = (
				en,
				Base,
			);
			mainGroup = D5B0F8FD2B43F1FA00D919C1;
			packageReferences = (
				D5B0F9342B44019B00D919C1 /* XCRemoteSwiftPackageReference "PythonKit" */,
			);
			productRefGroup = D5B0F9072B43F1FB00D919C1 /* Products */;
			projectDirPath = "";
			projectRoot = "";
			targets = (
				D5B0F9052B43F1FA00D919C1 /* InterpreterApp */,
				D5B0F9162B43F1FC00D919C1 /* InterpreterAppTests */,
				D5B0F9202B43F1FC00D919C1 /* InterpreterAppUITests */,
			);
		};
/* End PBXProject section */

/* Begin PBXResourcesBuildPhase section */
		D5B0F9042B43F1FA00D919C1 /* Resources */ = {
			isa = PBXResourcesBuildPhase;
			buildActionMask = 2147483647;
			files = (
				D5B0F9112B43F1FC00D919C1 /* Preview Assets.xcassets in Resources */,
				D5B0F90E2B43F1FC00D919C1 /* Assets.xcassets in Resources */,
			);
			runOnlyForDeploymentPostprocessing = 0;
		};
		D5B0F9152B43F1FC00D919C1 /* Resources */ = {
			isa = PBXResourcesBuildPhase;
			buildActionMask = 2147483647;
			files = (
			);
			runOnlyForDeploymentPostprocessing = 0;
		};
		D5B0F91F2B43F1FC00D919C1 /* Resources */ = {
			isa = PBXResourcesBuildPhase;
			buildActionMask = 2147483647;
			files = (
			);
			runOnlyForDeploymentPostprocessing = 0;
		};
/* End PBXResourcesBuildPhase section */

/* Begin PBXSourcesBuildPhase section */
		D5B0F9022B43F1FA00D919C1 /* Sources */ = {
			isa = PBXSourcesBuildPhase;
			buildActionMask = 2147483647;
			files = (
				D5B0F90C2B43F1FB00D919C1 /* ContentView.swift in Sources */,
				D5B0F9382B4402FB00D919C1 /* TmpPythonKitTest.swift in Sources */,
				D5B0F90A2B43F1FB00D919C1 /* InterpreterAppApp.swift in Sources */,
			);
			runOnlyForDeploymentPostprocessing = 0;
		};
		D5B0F9132B43F1FC00D919C1 /* Sources */ = {
			isa = PBXSourcesBuildPhase;
			buildActionMask = 2147483647;
			files = (
				D5B0F91C2B43F1FC00D919C1 /* InterpreterAppTests.swift in Sources */,
			);
			runOnlyForDeploymentPostprocessing = 0;
		};
		D5B0F91D2B43F1FC00D919C1 /* Sources */ = {
			isa = PBXSourcesBuildPhase;
			buildActionMask = 2147483647;
			files = (
				D5B0F9262B43F1FC00D919C1 /* InterpreterAppUITests.swift in Sources */,
				D5B0F9282B43F1FC00D919C1 /* InterpreterAppUITestsLaunchTests.swift in Sources */,
			);
			runOnlyForDeploymentPostprocessing = 0;
		};
/* End PBXSourcesBuildPhase section */

/* Begin PBXTargetDependency section */
		D5B0F9192B43F1FC00D919C1 /* PBXTargetDependency */ = {
			isa = PBXTargetDependency;
			target = D5B0F9052B43F1FA00D919C1 /* InterpreterApp */;
			targetProxy = D5B0F9182B43F1FC00D919C1 /* PBXContainerItemProxy */;
		};
		D5B0F9232B43F1FC00D919C1 /* PBXTargetDependency */ = {
			isa = PBXTargetDependency;
			target = D5B0F9052B43F1FA00D919C1 /* InterpreterApp */;
			targetProxy = D5B0F9222B43F1FC00D919C1 /* PBXContainerItemProxy */;
		};
/* End PBXTargetDependency section */

/* Begin XCBuildConfiguration section */
		D5B0F9292B43F1FC00D919C1 /* Debug */ = {
			isa = XCBuildConfiguration;
			buildSettings = {
				ALWAYS_SEARCH_USER_PATHS = NO;
				ASSETCATALOG_COMPILER_GENERATE_SWIFT_ASSET_SYMBOL_EXTENSIONS = YES;
				CLANG_ANALYZER_NONNULL = YES;
				CLANG_ANALYZER_NUMBER_OBJECT_CONVERSION = YES_AGGRESSIVE;
				CLANG_CXX_LANGUAGE_STANDARD = "gnu++20";
				CLANG_ENABLE_MODULES = YES;
				CLANG_ENABLE_OBJC_ARC = YES;
				CLANG_ENABLE_OBJC_WEAK = YES;
				CLANG_WARN_BLOCK_CAPTURE_AUTORELEASING = YES;
				CLANG_WARN_BOOL_CONVERSION = YES;
				CLANG_WARN_COMMA = YES;
				CLANG_WARN_CONSTANT_CONVERSION = YES;
				CLANG_WARN_DEPRECATED_OBJC_IMPLEMENTATIONS = YES;
				CLANG_WARN_DIRECT_OBJC_ISA_USAGE = YES_ERROR;
				CLANG_WARN_DOCUMENTATION_COMMENTS = YES;
				CLANG_WARN_EMPTY_BODY = YES;
				CLANG_WARN_ENUM_CONVERSION = YES;
				CLANG_WARN_INFINITE_RECURSION = YES;
				CLANG_WARN_INT_CONVERSION = YES;
				CLANG_WARN_NON_LITERAL_NULL_CONVERSION = YES;
				CLANG_WARN_OBJC_IMPLICIT_RETAIN_SELF = YES;
				CLANG_WARN_OBJC_LITERAL_CONVERSION = YES;
				CLANG_WARN_OBJC_ROOT_CLASS = YES_ERROR;
				CLANG_WARN_QUOTED_INCLUDE_IN_FRAMEWORK_HEADER = YES;
				CLANG_WARN_RANGE_LOOP_ANALYSIS = YES;
				CLANG_WARN_STRICT_PROTOTYPES = YES;
				CLANG_WARN_SUSPICIOUS_MOVE = YES;
				CLANG_WARN_UNGUARDED_AVAILABILITY = YES_AGGRESSIVE;
				CLANG_WARN_UNREACHABLE_CODE = YES;
				CLANG_WARN__DUPLICATE_METHOD_MATCH = YES;
				COPY_PHASE_STRIP = NO;
				DEBUG_INFORMATION_FORMAT = dwarf;
				ENABLE_STRICT_OBJC_MSGSEND = YES;
				ENABLE_TESTABILITY = YES;
				ENABLE_USER_SCRIPT_SANDBOXING = YES;
				GCC_C_LANGUAGE_STANDARD = gnu17;
				GCC_DYNAMIC_NO_PIC = NO;
				GCC_NO_COMMON_BLOCKS = YES;
				GCC_OPTIMIZATION_LEVEL = 0;
				GCC_PREPROCESSOR_DEFINITIONS = (
					"DEBUG=1",
					"$(inherited)",
				);
				GCC_WARN_64_TO_32_BIT_CONVERSION = YES;
				GCC_WARN_ABOUT_RETURN_TYPE = YES_ERROR;
				GCC_WARN_UNDECLARED_SELECTOR = YES;
				GCC_WARN_UNINITIALIZED_AUTOS = YES_AGGRESSIVE;
				GCC_WARN_UNUSED_FUNCTION = YES;
				GCC_WARN_UNUSED_VARIABLE = YES;
				LOCALIZATION_PREFERS_STRING_CATALOGS = YES;
				MACOSX_DEPLOYMENT_TARGET = 14.1;
				MTL_ENABLE_DEBUG_INFO = INCLUDE_SOURCE;
				MTL_FAST_MATH = YES;
				ONLY_ACTIVE_ARCH = YES;
				SDKROOT = macosx;
				SWIFT_ACTIVE_COMPILATION_CONDITIONS = "DEBUG $(inherited)";
				SWIFT_OPTIMIZATION_LEVEL = "-Onone";
			};
			name = Debug;
		};
		D5B0F92A2B43F1FC00D919C1 /* Release */ = {
			isa = XCBuildConfiguration;
			buildSettings = {
				ALWAYS_SEARCH_USER_PATHS = NO;
				ASSETCATALOG_COMPILER_GENERATE_SWIFT_ASSET_SYMBOL_EXTENSIONS = YES;
				CLANG_ANALYZER_NONNULL = YES;
				CLANG_ANALYZER_NUMBER_OBJECT_CONVERSION = YES_AGGRESSIVE;
				CLANG_CXX_LANGUAGE_STANDARD = "gnu++20";
				CLANG_ENABLE_MODULES = YES;
				CLANG_ENABLE_OBJC_ARC = YES;
				CLANG_ENABLE_OBJC_WEAK = YES;
				CLANG_WARN_BLOCK_CAPTURE_AUTORELEASING = YES;
				CLANG_WARN_BOOL_CONVERSION = YES;
				CLANG_WARN_COMMA = YES;
				CLANG_WARN_CONSTANT_CONVERSION = YES;
				CLANG_WARN_DEPRECATED_OBJC_IMPLEMENTATIONS = YES;
				CLANG_WARN_DIRECT_OBJC_ISA_USAGE = YES_ERROR;
				CLANG_WARN_DOCUMENTATION_COMMENTS = YES;
				CLANG_WARN_EMPTY_BODY = YES;
				CLANG_WARN_ENUM_CONVERSION = YES;
				CLANG_WARN_INFINITE_RECURSION = YES;
				CLANG_WARN_INT_CONVERSION = YES;
				CLANG_WARN_NON_LITERAL_NULL_CONVERSION = YES;
				CLANG_WARN_OBJC_IMPLICIT_RETAIN_SELF = YES;
				CLANG_WARN_OBJC_LITERAL_CONVERSION = YES;
				CLANG_WARN_OBJC_ROOT_CLASS = YES_ERROR;
				CLANG_WARN_QUOTED_INCLUDE_IN_FRAMEWORK_HEADER = YES;
				CLANG_WARN_RANGE_LOOP_ANALYSIS = YES;
				CLANG_WARN_STRICT_PROTOTYPES = YES;
				CLANG_WARN_SUSPICIOUS_MOVE = YES;
				CLANG_WARN_UNGUARDED_AVAILABILITY = YES_AGGRESSIVE;
				CLANG_WARN_UNREACHABLE_CODE = YES;
				CLANG_WARN__DUPLICATE_METHOD_MATCH = YES;
				COPY_PHASE_STRIP = NO;
				DEBUG_INFORMATION_FORMAT = "dwarf-with-dsym";
				ENABLE_NS_ASSERTIONS = NO;
				ENABLE_STRICT_OBJC_MSGSEND = YES;
				ENABLE_USER_SCRIPT_SANDBOXING = YES;
				GCC_C_LANGUAGE_STANDARD = gnu17;
				GCC_NO_COMMON_BLOCKS = YES;
				GCC_WARN_64_TO_32_BIT_CONVERSION = YES;
				GCC_WARN_ABOUT_RETURN_TYPE = YES_ERROR;
				GCC_WARN_UNDECLARED_SELECTOR = YES;
				GCC_WARN_UNINITIALIZED_AUTOS = YES_AGGRESSIVE;
				GCC_WARN_UNUSED_FUNCTION = YES;
				GCC_WARN_UNUSED_VARIABLE = YES;
				LOCALIZATION_PREFERS_STRING_CATALOGS = YES;
				MACOSX_DEPLOYMENT_TARGET = 14.1;
				MTL_ENABLE_DEBUG_INFO = NO;
				MTL_FAST_MATH = YES;
				SDKROOT = macosx;
				SWIFT_COMPILATION_MODE = wholemodule;
			};
			name = Release;
		};
		D5B0F92C2B43F1FC00D919C1 /* Debug */ = {
			isa = XCBuildConfiguration;
			buildSettings = {
				ASSETCATALOG_COMPILER_APPICON_NAME = AppIcon;
				ASSETCATALOG_COMPILER_GLOBAL_ACCENT_COLOR_NAME = AccentColor;
				CODE_SIGN_ENTITLEMENTS = InterpreterApp/InterpreterApp.entitlements;
				"CODE_SIGN_IDENTITY[sdk=macosx*]" = "Apple Development";
				CODE_SIGN_STYLE = Automatic;
				COMBINE_HIDPI_IMAGES = YES;
				CURRENT_PROJECT_VERSION = 1;
				DEVELOPMENT_ASSET_PATHS = "\"InterpreterApp/Preview Content\"";
				DEVELOPMENT_TEAM = QQD92N8V52;
				ENABLE_HARDENED_RUNTIME = YES;
				ENABLE_PREVIEWS = YES;
				GENERATE_INFOPLIST_FILE = YES;
				INFOPLIST_KEY_NSHumanReadableCopyright = "";
				LD_RUNPATH_SEARCH_PATHS = (
					"$(inherited)",
					"@executable_path/../Frameworks",
				);
				MARKETING_VERSION = 1.0;
				PRODUCT_BUNDLE_IDENTIFIER = Baby.InterpreterApp;
				PRODUCT_NAME = "$(TARGET_NAME)";
				SWIFT_EMIT_LOC_STRINGS = YES;
				SWIFT_VERSION = 5.0;
			};
			name = Debug;
		};
		D5B0F92D2B43F1FC00D919C1 /* Release */ = {
			isa = XCBuildConfiguration;
			buildSettings = {
				ASSETCATALOG_COMPILER_APPICON_NAME = AppIcon;
				ASSETCATALOG_COMPILER_GLOBAL_ACCENT_COLOR_NAME = AccentColor;
				CODE_SIGN_ENTITLEMENTS = InterpreterApp/InterpreterApp.entitlements;
				"CODE_SIGN_IDENTITY[sdk=macosx*]" = "Apple Development";
				CODE_SIGN_STYLE = Automatic;
				COMBINE_HIDPI_IMAGES = YES;
				CURRENT_PROJECT_VERSION = 1;
				DEVELOPMENT_ASSET_PATHS = "\"InterpreterApp/Preview Content\"";
				DEVELOPMENT_TEAM = QQD92N8V52;
				ENABLE_HARDENED_RUNTIME = YES;
				ENABLE_PREVIEWS = YES;
				GENERATE_INFOPLIST_FILE = YES;
				INFOPLIST_KEY_NSHumanReadableCopyright = "";
				LD_RUNPATH_SEARCH_PATHS = (
					"$(inherited)",
					"@executable_path/../Frameworks",
				);
				MARKETING_VERSION = 1.0;
				PRODUCT_BUNDLE_IDENTIFIER = Baby.InterpreterApp;
				PRODUCT_NAME = "$(TARGET_NAME)";
				SWIFT_EMIT_LOC_STRINGS = YES;
				SWIFT_VERSION = 5.0;
			};
			name = Release;
		};
		D5B0F92F2B43F1FC00D919C1 /* Debug */ = {
			isa = XCBuildConfiguration;
			buildSettings = {
				ALWAYS_EMBED_SWIFT_STANDARD_LIBRARIES = YES;
				BUNDLE_LOADER = "$(TEST_HOST)";
				CODE_SIGN_STYLE = Automatic;
				CURRENT_PROJECT_VERSION = 1;
				DEVELOPMENT_TEAM = QQD92N8V52;
				GENERATE_INFOPLIST_FILE = YES;
				MACOSX_DEPLOYMENT_TARGET = 14.1;
				MARKETING_VERSION = 1.0;
				PRODUCT_BUNDLE_IDENTIFIER = Baby.InterpreterAppTests;
				PRODUCT_NAME = "$(TARGET_NAME)";
				SWIFT_EMIT_LOC_STRINGS = NO;
				SWIFT_VERSION = 5.0;
				TEST_HOST = "$(BUILT_PRODUCTS_DIR)/InterpreterApp.app/$(BUNDLE_EXECUTABLE_FOLDER_PATH)/InterpreterApp";
			};
			name = Debug;
		};
		D5B0F9302B43F1FC00D919C1 /* Release */ = {
			isa = XCBuildConfiguration;
			buildSettings = {
				ALWAYS_EMBED_SWIFT_STANDARD_LIBRARIES = YES;
				BUNDLE_LOADER = "$(TEST_HOST)";
				CODE_SIGN_STYLE = Automatic;
				CURRENT_PROJECT_VERSION = 1;
				DEVELOPMENT_TEAM = QQD92N8V52;
				GENERATE_INFOPLIST_FILE = YES;
				MACOSX_DEPLOYMENT_TARGET = 14.1;
				MARKETING_VERSION = 1.0;
				PRODUCT_BUNDLE_IDENTIFIER = Baby.InterpreterAppTests;
				PRODUCT_NAME = "$(TARGET_NAME)";
				SWIFT_EMIT_LOC_STRINGS = NO;
				SWIFT_VERSION = 5.0;
				TEST_HOST = "$(BUILT_PRODUCTS_DIR)/InterpreterApp.app/$(BUNDLE_EXECUTABLE_FOLDER_PATH)/InterpreterApp";
			};
			name = Release;
		};
		D5B0F9322B43F1FC00D919C1 /* Debug */ = {
			isa = XCBuildConfiguration;
			buildSettings = {
				ALWAYS_EMBED_SWIFT_STANDARD_LIBRARIES = YES;
				CODE_SIGN_STYLE = Automatic;
				CURRENT_PROJECT_VERSION = 1;
				DEVELOPMENT_TEAM = QQD92N8V52;
				GENERATE_INFOPLIST_FILE = YES;
				MARKETING_VERSION = 1.0;
				PRODUCT_BUNDLE_IDENTIFIER = Baby.InterpreterAppUITests;
				PRODUCT_NAME = "$(TARGET_NAME)";
				SWIFT_EMIT_LOC_STRINGS = NO;
				SWIFT_VERSION = 5.0;
				TEST_TARGET_NAME = InterpreterApp;
			};
			name = Debug;
		};
		D5B0F9332B43F1FC00D919C1 /* Release */ = {
			isa = XCBuildConfiguration;
			buildSettings = {
				ALWAYS_EMBED_SWIFT_STANDARD_LIBRARIES = YES;
				CODE_SIGN_STYLE = Automatic;
				CURRENT_PROJECT_VERSION = 1;
				DEVELOPMENT_TEAM = QQD92N8V52;
				GENERATE_INFOPLIST_FILE = YES;
				MARKETING_VERSION = 1.0;
				PRODUCT_BUNDLE_IDENTIFIER = Baby.InterpreterAppUITests;
				PRODUCT_NAME = "$(TARGET_NAME)";
				SWIFT_EMIT_LOC_STRINGS = NO;
				SWIFT_VERSION = 5.0;
				TEST_TARGET_NAME = InterpreterApp;
			};
			name = Release;
		};
/* End XCBuildConfiguration section */

/* Begin XCConfigurationList section */
		D5B0F9012B43F1FA00D919C1 /* Build configuration list for PBXProject "InterpreterApp" */ = {
			isa = XCConfigurationList;
			buildConfigurations = (
				D5B0F9292B43F1FC00D919C1 /* Debug */,
				D5B0F92A2B43F1FC00D919C1 /* Release */,
			);
			defaultConfigurationIsVisible = 0;
			defaultConfigurationName = Release;
		};
		D5B0F92B2B43F1FC00D919C1 /* Build configuration list for PBXNativeTarget "InterpreterApp" */ = {
			isa = XCConfigurationList;
			buildConfigurations = (
				D5B0F92C2B43F1FC00D919C1 /* Debug */,
				D5B0F92D2B43F1FC00D919C1 /* Release */,
			);
			defaultConfigurationIsVisible = 0;
			defaultConfigurationName = Release;
		};
		D5B0F92E2B43F1FC00D919C1 /* Build configuration list for PBXNativeTarget "InterpreterAppTests" */ = {
			isa = XCConfigurationList;
			buildConfigurations = (
				D5B0F92F2B43F1FC00D919C1 /* Debug */,
				D5B0F9302B43F1FC00D919C1 /* Release */,
			);
			defaultConfigurationIsVisible = 0;
			defaultConfigurationName = Release;
		};
		D5B0F9312B43F1FC00D919C1 /* Build configuration list for PBXNativeTarget "InterpreterAppUITests" */ = {
			isa = XCConfigurationList;
			buildConfigurations = (
				D5B0F9322B43F1FC00D919C1 /* Debug */,
				D5B0F9332B43F1FC00D919C1 /* Release */,
			);
			defaultConfigurationIsVisible = 0;
			defaultConfigurationName = Release;
		};
/* End XCConfigurationList section */

/* Begin XCRemoteSwiftPackageReference section */
		D5B0F9342B44019B00D919C1 /* XCRemoteSwiftPackageReference "PythonKit" */ = {
			isa = XCRemoteSwiftPackageReference;
			repositoryURL = "https://github.com/pvieito/PythonKit.git";
			requirement = {
				branch = master;
				kind = branch;
			};
		};
/* End XCRemoteSwiftPackageReference section */

/* Begin XCSwiftPackageProductDependency section */
		D5B0F9352B44019B00D919C1 /* PythonKit */ = {
			isa = XCSwiftPackageProductDependency;
			package = D5B0F9342B44019B00D919C1 /* XCRemoteSwiftPackageReference "PythonKit" */;
			productName = PythonKit;
		};
/* End XCSwiftPackageProductDependency section */
	};
	rootObject = D5B0F8FE2B43F1FA00D919C1 /* Project object */;
}
